
Microsoft Visual Studio Solution File, Format Version 12.00
# Visual Studio Version 17
VisualStudioVersion = 17.8.34330.188
MinimumVisualStudioVersion = 10.0.40219.1
Project("{8BC9CEB8-8B4A-11D0-8D11-00A0C91BC942}") = "TicTacToe", "TicTacToe\TicTacToe.vcxproj", "{EE93E3BA-C754-4525-92E7-5BA6EFD19AC6}"
EndProject
Global
	GlobalSection(SolutionConfigurationPlatforms) = preSolution
		Debug|x64 = Debug|x64
		Debug|x86 = Debug|x86
		Release|x64 = Release|x64
		Release|x86 = Release|x86
	EndGlobalSection
	GlobalSection(ProjectConfigurationPlatforms) = postSolution
		{EE93E3BA-C754-4525-92E7-5BA6EFD19AC6}.Debug|x64.ActiveCfg = Debug|x64
		{EE93E3BA-C754-4525-92E7-5BA6EFD19AC6}.Debug|x64.Build.0 = Debug|x64
		{EE93E3BA-C754-4525-92E7-5BA6EFD19AC6}.Debug|x86.ActiveCfg = Debug|Win32
		{EE93E3BA-C754-4525-92E7-5BA6EFD19AC6}.Debug|x86.Build.0 = Debug|Win32
		{EE93E3BA-C754-4525-92E7-5BA6EFD19AC6}.Release|x64.ActiveCfg = Release|x64
		{EE93E3BA-C754-4525-92E7-5BA6EFD19AC6}.Release|x64.Build.0 = Release|x64
		{EE93E3BA-C754-4525-92E7-5BA6EFD19AC6}.Release|x86.ActiveCfg = Release|Win32
		{EE93E3BA-C754-4525-92E7-5BA6EFD19AC6}.Release|x86.Build.0 = Release|Win32
	EndGlobalSection
	GlobalSection(SolutionProperties) = preSolution
		HideSolutionNode = FALSE
	EndGlobalSection
	GlobalSection(ExtensibilityGlobals) = postSolution
		SolutionGuid = {44BE7411-D8D0-40B6-8284-F008B622DB84}
	EndGlobalSection
EndGlobal
